// !$*UTF8*$!
{
	archiveVersion = 1;
	classes = {
	};
	objectVersion = 46;
	objects = {

/* Begin PBXBuildFile section */
		464BC7C31F0BE82400C6B242 /* Main.storyboard in Resources */ = {isa = PBXBuildFile; fileRef = 464BC7C21F0BE82400C6B242 /* Main.storyboard */; };
		467961E21F0BDA4300A7BF7C /* AppDelegate.swift in Sources */ = {isa = PBXBuildFile; fileRef = 467961E11F0BDA4300A7BF7C /* AppDelegate.swift */; };
		467961E41F0BDA4300A7BF7C /* ViewController.swift in Sources */ = {isa = PBXBuildFile; fileRef = 467961E31F0BDA4300A7BF7C /* ViewController.swift */; };
		467961E91F0BDA4300A7BF7C /* Assets.xcassets in Resources */ = {isa = PBXBuildFile; fileRef = 467961E81F0BDA4300A7BF7C /* Assets.xcassets */; };
		467961EC1F0BDA4300A7BF7C /* LaunchScreen.storyboard in Resources */ = {isa = PBXBuildFile; fileRef = 467961EA1F0BDA4300A7BF7C /* LaunchScreen.storyboard */; };
		46F32C451F0BDB6400BDC0CB /* CustomCollectionViewCell.swift in Sources */ = {isa = PBXBuildFile; fileRef = 46F32C441F0BDB6400BDC0CB /* CustomCollectionViewCell.swift */; };
/* End PBXBuildFile section */

/* Begin PBXFileReference section */
		464BC7C21F0BE82400C6B242 /* Main.storyboard */ = {isa = PBXFileReference; fileEncoding = 4; lastKnownFileType = file.storyboard; path = Main.storyboard; sourceTree = "<group>"; };
		467961DE1F0BDA4300A7BF7C /* CollectionViewCellContainingButton.app */ = {isa = PBXFileReference; explicitFileType = wrapper.application; includeInIndex = 0; path = CollectionViewCellContainingButton.app; sourceTree = BUILT_PRODUCTS_DIR; };
		467961E11F0BDA4300A7BF7C /* AppDelegate.swift */ = {isa = PBXFileReference; lastKnownFileType = sourcecode.swift; path = AppDelegate.swift; sourceTree = "<group>"; };
		467961E31F0BDA4300A7BF7C /* ViewController.swift */ = {isa = PBXFileReference; lastKnownFileType = sourcecode.swift; path = ViewController.swift; sourceTree = "<group>"; };
		467961E81F0BDA4300A7BF7C /* Assets.xcassets */ = {isa = PBXFileReference; lastKnownFileType = folder.assetcatalog; path = Assets.xcassets; sourceTree = "<group>"; };
		467961EB1F0BDA4300A7BF7C /* Base */ = {isa = PBXFileReference; lastKnownFileType = file.storyboard; name = Base; path = Base.lproj/LaunchScreen.storyboard; sourceTree = "<group>"; };
		467961ED1F0BDA4300A7BF7C /* Info.plist */ = {isa = PBXFileReference; lastKnownFileType = text.plist.xml; path = Info.plist; sourceTree = "<group>"; };
		46F32C441F0BDB6400BDC0CB /* CustomCollectionViewCell.swift */ = {isa = PBXFileReference; fileEncoding = 4; lastKnownFileType = sourcecode.swift; path = CustomCollectionViewCell.swift; sourceTree = "<group>"; };
/* End PBXFileReference section */

/* Begin PBXFrameworksBuildPhase section */
		467961DB1F0BDA4300A7BF7C /* Frameworks */ = {
			isa = PBXFrameworksBuildPhase;
			buildActionMask = 2147483647;
			files = (
			);
			runOnlyForDeploymentPostprocessing = 0;
		};
/* End PBXFrameworksBuildPhase section */

/* Begin PBXGroup section */
		467961D51F0BDA4300A7BF7C = {
			isa = PBXGroup;
			children = (
				467961E01F0BDA4300A7BF7C /* CollectionViewCellContainingButton */,
				467961DF1F0BDA4300A7BF7C /* Products */,
			);
			sourceTree = "<group>";
		};
		467961DF1F0BDA4300A7BF7C /* Products */ = {
			isa = PBXGroup;
			children = (
				467961DE1F0BDA4300A7BF7C /* CollectionViewCellContainingButton.app */,
			);
			name = Products;
			sourceTree = "<group>";
		};
		467961E01F0BDA4300A7BF7C /* CollectionViewCellContainingButton */ = {
			isa = PBXGroup;
			children = (
				467961E11F0BDA4300A7BF7C /* AppDelegate.swift */,
				467961E31F0BDA4300A7BF7C /* ViewController.swift */,
				46F32C441F0BDB6400BDC0CB /* CustomCollectionViewCell.swift */,
				464BC7C21F0BE82400C6B242 /* Main.storyboard */,
				467961E81F0BDA4300A7BF7C /* Assets.xcassets */,
				467961EA1F0BDA4300A7BF7C /* LaunchScreen.storyboard */,
				467961ED1F0BDA4300A7BF7C /* Info.plist */,
			);
			path = CollectionViewCellContainingButton;
			sourceTree = "<group>";
		};
/* End PBXGroup section */

/* Begin PBXNativeTarget section */
		467961DD1F0BDA4300A7BF7C /* CollectionViewCellContainingButton */ = {
			isa = PBXNativeTarget;
			buildConfigurationList = 467961F01F0BDA4300A7BF7C /* Build configuration list for PBXNativeTarget "CollectionViewCellContainingButton" */;
			buildPhases = (
				467961DA1F0BDA4300A7BF7C /* Sources */,
				467961DB1F0BDA4300A7BF7C /* Frameworks */,
				467961DC1F0BDA4300A7BF7C /* Resources */,
			);
			buildRules = (
			);
			dependencies = (
			);
			name = CollectionViewCellContainingButton;
			productName = CollectionViewCellContainingButton;
			productReference = 467961DE1F0BDA4300A7BF7C /* CollectionViewCellContainingButton.app */;
			productType = "com.apple.product-type.application";
		};
/* End PBXNativeTarget section */

/* Begin PBXProject section */
		467961D61F0BDA4300A7BF7C /* Project object */ = {
			isa = PBXProject;
			attributes = {
				LastSwiftUpdateCheck = 0830;
				LastUpgradeCheck = 0830;
				ORGANIZATIONNAME = "Moshe Berman";
				TargetAttributes = {
					467961DD1F0BDA4300A7BF7C = {
						CreatedOnToolsVersion = 8.3.3;
						DevelopmentTeam = HK64RUWW3P;
						ProvisioningStyle = Automatic;
					};
				};
			};
			buildConfigurationList = 467961D91F0BDA4300A7BF7C /* Build configuration list for PBXProject "CollectionViewCellContainingButton" */;
			compatibilityVersion = "Xcode 3.2";
			developmentRegion = English;
			hasScannedForEncodings = 0;
			knownRegions = (
				en,
				Base,
			);
			mainGroup = 467961D51F0BDA4300A7BF7C;
			productRefGroup = 467961DF1F0BDA4300A7BF7C /* Products */;
			projectDirPath = "";
			projectRoot = "";
			targets = (
				467961DD1F0BDA4300A7BF7C /* CollectionViewCellContainingButton */,
			);
		};
/* End PBXProject section */

/* Begin PBXResourcesBuildPhase section */
		467961DC1F0BDA4300A7BF7C /* Resources */ = {
			isa = PBXResourcesBuildPhase;
			buildActionMask = 2147483647;
			files = (
				467961EC1F0BDA4300A7BF7C /* LaunchScreen.storyboard in Resources */,
				467961E91F0BDA4300A7BF7C /* Assets.xcassets in Resources */,
				464BC7C31F0BE82400C6B242 /* Main.storyboard in Resources */,
			);
			runOnlyForDeploymentPostprocessing = 0;
		};
/* End PBXResourcesBuildPhase section */

/* Begin PBXSourcesBuildPhase section */
		467961DA1F0BDA4300A7BF7C /* Sources */ = {
			isa = PBXSourcesBuildPhase;
			buildActionMask = 2147483647;
			files = (
				467961E41F0BDA4300A7BF7C /* ViewController.swift in Sources */,
				46F32C451F0BDB6400BDC0CB /* CustomCollectionViewCell.swift in Sources */,
				467961E21F0BDA4300A7BF7C /* AppDelegate.swift in Sources */,
			);
			runOnlyForDeploymentPostprocessing = 0;
		};
/* End PBXSourcesBuildPhase section */

/* Begin PBXVariantGroup section */
		467961EA1F0BDA4300A7BF7C /* LaunchScreen.storyboard */ = {
			isa = PBXVariantGroup;
			children = (
				467961EB1F0BDA4300A7BF7C /* Base */,
			);
			name = LaunchScreen.storyboard;
			sourceTree = "<group>";
		};
/* End PBXVariantGroup section */

/* Begin XCBuildConfiguration section */
		467961EE1F0BDA4300A7BF7C /* Debug */ = {
			isa = XCBuildConfiguration;
			buildSettings = {
				ALWAYS_SEARCH_USER_PATHS = NO;
				CLANG_ANALYZER_NONNULL = YES;
				CLANG_ANALYZER_NUMBER_OBJECT_CONVERSION = YES_AGGRESSIVE;
				CLANG_CXX_LANGUAGE_STANDARD = "gnu++0x";
				CLANG_CXX_LIBRARY = "libc++";
				CLANG_ENABLE_MODULES = YES;
				CLANG_ENABLE_OBJC_ARC = YES;
				CLANG_WARN_BOOL_CONVERSION = YES;
				CLANG_WARN_CONSTANT_CONVERSION = YES;
				CLANG_WARN_DIRECT_OBJC_ISA_USAGE = YES_ERROR;
				CLANG_WARN_DOCUMENTATION_COMMENTS = YES;
				CLANG_WARN_EMPTY_BODY = YES;
				CLANG_WARN_ENUM_CONVERSION = YES;
				CLANG_WARN_INFINITE_RECURSION = YES;
				CLANG_WARN_INT_CONVERSION = YES;
				CLANG_WARN_OBJC_ROOT_CLASS = YES_ERROR;
				CLANG_WARN_SUSPICIOUS_MOVE = YES;
				CLANG_WARN_UNREACHABLE_CODE = YES;
				CLANG_WARN__DUPLICATE_METHOD_MATCH = YES;
				"CODE_SIGN_IDENTITY[sdk=iphoneos*]" = "iPhone Developer";
				COPY_PHASE_STRIP = NO;
				DEBUG_INFORMATION_FORMAT = dwarf;
				ENABLE_STRICT_OBJC_MSGSEND = YES;
				ENABLE_TESTABILITY = YES;
				GCC_C_LANGUAGE_STANDARD = gnu99;
				GCC_DYNAMIC_NO_PIC = NO;
				GCC_NO_COMMON_BLOCKS = YES;
				GCC_OPTIMIZATION_LEVEL = 0;
				GCC_PREPROCESSOR_DEFINITIONS = (
					"DEBUG=1",
					"$(inherited)",
				);
				GCC_WARN_64_TO_32_BIT_CONVERSION = YES;
				GCC_WARN_ABOUT_RETURN_TYPE = YES_ERROR;
				GCC_WARN_UNDECLARED_SELECTOR = YES;
				GCC_WARN_UNINITIALIZED_AUTOS = YES_AGGRESSIVE;
				GCC_WARN_UNUSED_FUNCTION = YES;
				GCC_WARN_UNUSED_VARIABLE = YES;
				IPHONEOS_DEPLOYMENT_TARGET = 10.3;
				MTL_ENABLE_DEBUG_INFO = YES;
				ONLY_ACTIVE_ARCH = YES;
				SDKROOT = iphoneos;
				SWIFT_ACTIVE_COMPILATION_CONDITIONS = DEBUG;
				SWIFT_OPTIMIZATION_LEVEL = "-Onone";
				TARGETED_DEVICE_FAMILY = "1,2";
			};
			name = Debug;
		};
		467961EF1F0BDA4300A7BF7C /* Release */ = {
			isa = XCBuildConfiguration;
			buildSettings = {
				ALWAYS_SEARCH_USER_PATHS = NO;
				CLANG_ANALYZER_NONNULL = YES;
				CLANG_ANALYZER_NUMBER_OBJECT_CONVERSION = YES_AGGRESSIVE;
				CLANG_CXX_LANGUAGE_STANDARD = "gnu++0x";
				CLANG_CXX_LIBRARY = "libc++";
				CLANG_ENABLE_MODULES = YES;
				CLANG_ENABLE_OBJC_ARC = YES;
				CLANG_WARN_BOOL_CONVERSION = YES;
				CLANG_WARN_CONSTANT_CONVERSION = YES;
				CLANG_WARN_DIRECT_OBJC_ISA_USAGE = YES_ERROR;
				CLANG_WARN_DOCUMENTATION_COMMENTS = YES;
				CLANG_WARN_EMPTY_BODY = YES;
				CLANG_WARN_ENUM_CONVERSION = YES;
				CLANG_WARN_INFINITE_RECURSION = YES;
				CLANG_WARN_INT_CONVERSION = YES;
				CLANG_WARN_OBJC_ROOT_CLASS = YES_ERROR;
				CLANG_WARN_SUSPICIOUS_MOVE = YES;
				CLANG_WARN_UNREACHABLE_CODE = YES;
				CLANG_WARN__DUPLICATE_METHOD_MATCH = YES;
				"CODE_SIGN_IDENTITY[sdk=iphoneos*]" = "iPhone Developer";
				COPY_PHASE_STRIP = NO;
				DEBUG_INFORMATION_FORMAT = "dwarf-with-dsym";
				ENABLE_NS_ASSERTIONS = NO;
				ENABLE_STRICT_OBJC_MSGSEND = YES;
				GCC_C_LANGUAGE_STANDARD = gnu99;
				GCC_NO_COMMON_BLOCKS = YES;
				GCC_WARN_64_TO_32_BIT_CONVERSION = YES;
				GCC_WARN_ABOUT_RETURN_TYPE = YES_ERROR;
				GCC_WARN_UNDECLARED_SELECTOR = YES;
				GCC_WARN_UNINITIALIZED_AUTOS = YES_AGGRESSIVE;
				GCC_WARN_UNUSED_FUNCTION = YES;
				GCC_WARN_UNUSED_VARIABLE = YES;
				IPHONEOS_DEPLOYMENT_TARGET = 10.3;
				MTL_ENABLE_DEBUG_INFO = NO;
				SDKROOT = iphoneos;
				SWIFT_OPTIMIZATION_LEVEL = "-Owholemodule";
				TARGETED_DEVICE_FAMILY = "1,2";
				VALIDATE_PRODUCT = YES;
			};
			name = Release;
		};
		467961F11F0BDA4300A7BF7C /* Debug */ = {
			isa = XCBuildConfiguration;
			buildSettings = {
				ASSETCATALOG_COMPILER_APPICON_NAME = AppIcon;
				DEVELOPMENT_TEAM = HK64RUWW3P;
				INFOPLIST_FILE = CollectionViewCellContainingButton/Info.plist;
				LD_RUNPATH_SEARCH_PATHS = "$(inherited) @executable_path/Frameworks";
				PRODUCT_BUNDLE_IDENTIFIER = com.mosheberman.CollectionViewCellContainingButton;
				PRODUCT_NAME = "$(TARGET_NAME)";
				SWIFT_VERSION = 3.0;
			};
			name = Debug;
		};
		467961F21F0BDA4300A7BF7C /* Release */ = {
			isa = XCBuildConfiguration;
			buildSettings = {
				ASSETCATALOG_COMPILER_APPICON_NAME = AppIcon;
				DEVELOPMENT_TEAM = HK64RUWW3P;
				INFOPLIST_FILE = CollectionViewCellContainingButton/Info.plist;
				LD_RUNPATH_SEARCH_PATHS = "$(inherited) @executable_path/Frameworks";
				PRODUCT_BUNDLE_IDENTIFIER = com.mosheberman.CollectionViewCellContainingButton;
				PRODUCT_NAME = "$(TARGET_NAME)";
				SWIFT_VERSION = 3.0;
			};
			name = Release;
		};
/* End XCBuildConfiguration section */

/* Begin XCConfigurationList section */
		467961D91F0BDA4300A7BF7C /* Build configuration list for PBXProject "CollectionViewCellContainingButton" */ = {
			isa = XCConfigurationList;
			buildConfigurations = (
				467961EE1F0BDA4300A7BF7C /* Debug */,
				467961EF1F0BDA4300A7BF7C /* Release */,
			);
			defaultConfigurationIsVisible = 0;
			defaultConfigurationName = Release;
		};
		467961F01F0BDA4300A7BF7C /* Build configuration list for PBXNativeTarget "CollectionViewCellContainingButton" */ = {
			isa = XCConfigurationList;
			buildConfigurations = (
				467961F11F0BDA4300A7BF7C /* Debug */,
				467961F21F0BDA4300A7BF7C /* Release */,
			);
			defaultConfigurationIsVisible = 0;
			defaultConfigurationName = Release;
		};
/* End XCConfigurationList section */
	};
	rootObject = 467961D61F0BDA4300A7BF7C /* Project object */;
}
